
Microsoft Visual Studio Solution File, Format Version 12.00
# Visual Studio 14
VisualStudioVersion = 14.0.25123.0
MinimumVisualStudioVersion = 10.0.40219.1
Project("{8BC9CEB8-8B4A-11D0-8D11-00A0C91BC942}") = "HelloWorld", "HelloWorld\HelloWorld.vcxproj", "{3B4258B3-0AD8-49C8-A404-9BFFF63CD9FC}"
EndProject
Project("{8BC9CEB8-8B4A-11D0-8D11-00A0C91BC942}") = "Variables", "Variables\Variables.vcxproj", "{5BF9F9CB-2BA5-4353-956B-5E7A7399BB98}"
EndProject
Project("{8BC9CEB8-8B4A-11D0-8D11-00A0C91BC942}") = "Conditionals", "Conditionals\Conditionals.vcxproj", "{D438E76C-4834-4070-8447-8DCE59F80F55}"
EndProject
Project("{2150E333-8FDC-42A3-9474-1A3956D46DE8}") = "Solution Items", "Solution Items", "{6A0B28C5-936B-4960-BE8A-202ED64F81AC}"
	ProjectSection(SolutionItems) = preProject
		TextFile1.txt = TextFile1.txt
	EndProjectSection
EndProject
Project("{8BC9CEB8-8B4A-11D0-8D11-00A0C91BC942}") = "Loop Syntax Output", "Loop Syntax Output\Loop Syntax Output.vcxproj", "{9307F9F8-FFC1-4246-B27D-D3F4242E7A16}"
EndProject
Project("{8BC9CEB8-8B4A-11D0-8D11-00A0C91BC942}") = "Arrays Int to Char", "Arrays Int to Char\Arrays Int to Char.vcxproj", "{AF585E93-9C4F-4C47-BD53-2EC0A7FAA103}"
EndProject
Project("{8BC9CEB8-8B4A-11D0-8D11-00A0C91BC942}") = "Creating Arrays", "Creating Arrays\Creating Arrays.vcxproj", "{DFC333C1-EEBC-47C4-972A-591A520D47DB}"
EndProject
Project("{8BC9CEB8-8B4A-11D0-8D11-00A0C91BC942}") = "Dragon Food Arrays", "Dragon Food Arrays\Dragon Food Arrays.vcxproj", "{FABCFBA7-6D24-453C-97FC-1F2B3578B079}"
EndProject
Project("{8BC9CEB8-8B4A-11D0-8D11-00A0C91BC942}") = "Morning-Gists(error supposed to be repository)", "Morning-Gists\Morning-Gists.vcxproj", "{5173E371-DE7D-4D4B-9BED-F2D15717D775}"
EndProject
Project("{8BC9CEB8-8B4A-11D0-8D11-00A0C91BC942}") = "TicTacToe Game", "TicTacToe Game\TicTacToe Game.vcxproj", "{0471ACEB-FC8B-4588-BDEA-84E63F0C5E19}"
EndProject
Project("{8BC9CEB8-8B4A-11D0-8D11-00A0C91BC942}") = "excersize fodder", "excersize fodder\excersize fodder.vcxproj", "{C3FACF51-ED29-4CD3-A2E1-19B4408EB546}"
EndProject
Project("{8BC9CEB8-8B4A-11D0-8D11-00A0C91BC942}") = "ClassPracticeorProject", "ClassPracticeorProject\ClassPracticeorProject.vcxproj", "{5EF1922E-230A-4188-A5BD-29F0E5141E52}"
EndProject
Project("{8BC9CEB8-8B4A-11D0-8D11-00A0C91BC942}") = "PracticingZombieClasses", "PracticingClasses\PracticingClasses.vcxproj", "{D583D840-26DC-4C4C-A216-B35848491E9E}"
EndProject
Global
	GlobalSection(SolutionConfigurationPlatforms) = preSolution
		Debug|x64 = Debug|x64
		Debug|x86 = Debug|x86
		Release|x64 = Release|x64
		Release|x86 = Release|x86
	EndGlobalSection
	GlobalSection(ProjectConfigurationPlatforms) = postSolution
		{3B4258B3-0AD8-49C8-A404-9BFFF63CD9FC}.Debug|x64.ActiveCfg = Debug|x64
		{3B4258B3-0AD8-49C8-A404-9BFFF63CD9FC}.Debug|x64.Build.0 = Debug|x64
		{3B4258B3-0AD8-49C8-A404-9BFFF63CD9FC}.Debug|x86.ActiveCfg = Debug|Win32
		{3B4258B3-0AD8-49C8-A404-9BFFF63CD9FC}.Debug|x86.Build.0 = Debug|Win32
		{3B4258B3-0AD8-49C8-A404-9BFFF63CD9FC}.Release|x64.ActiveCfg = Release|x64
		{3B4258B3-0AD8-49C8-A404-9BFFF63CD9FC}.Release|x64.Build.0 = Release|x64
		{3B4258B3-0AD8-49C8-A404-9BFFF63CD9FC}.Release|x86.ActiveCfg = Release|Win32
		{3B4258B3-0AD8-49C8-A404-9BFFF63CD9FC}.Release|x86.Build.0 = Release|Win32
		{5BF9F9CB-2BA5-4353-956B-5E7A7399BB98}.Debug|x64.ActiveCfg = Debug|x64
		{5BF9F9CB-2BA5-4353-956B-5E7A7399BB98}.Debug|x64.Build.0 = Debug|x64
		{5BF9F9CB-2BA5-4353-956B-5E7A7399BB98}.Debug|x86.ActiveCfg = Debug|Win32
		{5BF9F9CB-2BA5-4353-956B-5E7A7399BB98}.Debug|x86.Build.0 = Debug|Win32
		{5BF9F9CB-2BA5-4353-956B-5E7A7399BB98}.Release|x64.ActiveCfg = Release|x64
		{5BF9F9CB-2BA5-4353-956B-5E7A7399BB98}.Release|x64.Build.0 = Release|x64
		{5BF9F9CB-2BA5-4353-956B-5E7A7399BB98}.Release|x86.ActiveCfg = Release|Win32
		{5BF9F9CB-2BA5-4353-956B-5E7A7399BB98}.Release|x86.Build.0 = Release|Win32
		{D438E76C-4834-4070-8447-8DCE59F80F55}.Debug|x64.ActiveCfg = Debug|x64
		{D438E76C-4834-4070-8447-8DCE59F80F55}.Debug|x64.Build.0 = Debug|x64
		{D438E76C-4834-4070-8447-8DCE59F80F55}.Debug|x86.ActiveCfg = Debug|Win32
		{D438E76C-4834-4070-8447-8DCE59F80F55}.Debug|x86.Build.0 = Debug|Win32
		{D438E76C-4834-4070-8447-8DCE59F80F55}.Release|x64.ActiveCfg = Release|x64
		{D438E76C-4834-4070-8447-8DCE59F80F55}.Release|x64.Build.0 = Release|x64
		{D438E76C-4834-4070-8447-8DCE59F80F55}.Release|x86.ActiveCfg = Release|Win32
		{D438E76C-4834-4070-8447-8DCE59F80F55}.Release|x86.Build.0 = Release|Win32
		{9307F9F8-FFC1-4246-B27D-D3F4242E7A16}.Debug|x64.ActiveCfg = Debug|x64
		{9307F9F8-FFC1-4246-B27D-D3F4242E7A16}.Debug|x64.Build.0 = Debug|x64
		{9307F9F8-FFC1-4246-B27D-D3F4242E7A16}.Debug|x86.ActiveCfg = Debug|Win32
		{9307F9F8-FFC1-4246-B27D-D3F4242E7A16}.Debug|x86.Build.0 = Debug|Win32
		{9307F9F8-FFC1-4246-B27D-D3F4242E7A16}.Release|x64.ActiveCfg = Release|x64
		{9307F9F8-FFC1-4246-B27D-D3F4242E7A16}.Release|x64.Build.0 = Release|x64
		{9307F9F8-FFC1-4246-B27D-D3F4242E7A16}.Release|x86.ActiveCfg = Release|Win32
		{9307F9F8-FFC1-4246-B27D-D3F4242E7A16}.Release|x86.Build.0 = Release|Win32
		{AF585E93-9C4F-4C47-BD53-2EC0A7FAA103}.Debug|x64.ActiveCfg = Debug|x64
		{AF585E93-9C4F-4C47-BD53-2EC0A7FAA103}.Debug|x64.Build.0 = Debug|x64
		{AF585E93-9C4F-4C47-BD53-2EC0A7FAA103}.Debug|x86.ActiveCfg = Debug|Win32
		{AF585E93-9C4F-4C47-BD53-2EC0A7FAA103}.Debug|x86.Build.0 = Debug|Win32
		{AF585E93-9C4F-4C47-BD53-2EC0A7FAA103}.Release|x64.ActiveCfg = Release|x64
		{AF585E93-9C4F-4C47-BD53-2EC0A7FAA103}.Release|x64.Build.0 = Release|x64
		{AF585E93-9C4F-4C47-BD53-2EC0A7FAA103}.Release|x86.ActiveCfg = Release|Win32
		{AF585E93-9C4F-4C47-BD53-2EC0A7FAA103}.Release|x86.Build.0 = Release|Win32
		{DFC333C1-EEBC-47C4-972A-591A520D47DB}.Debug|x64.ActiveCfg = Debug|x64
		{DFC333C1-EEBC-47C4-972A-591A520D47DB}.Debug|x64.Build.0 = Debug|x64
		{DFC333C1-EEBC-47C4-972A-591A520D47DB}.Debug|x86.ActiveCfg = Debug|Win32
		{DFC333C1-EEBC-47C4-972A-591A520D47DB}.Debug|x86.Build.0 = Debug|Win32
		{DFC333C1-EEBC-47C4-972A-591A520D47DB}.Release|x64.ActiveCfg = Release|x64
		{DFC333C1-EEBC-47C4-972A-591A520D47DB}.Release|x64.Build.0 = Release|x64
		{DFC333C1-EEBC-47C4-972A-591A520D47DB}.Release|x86.ActiveCfg = Release|Win32
		{DFC333C1-EEBC-47C4-972A-591A520D47DB}.Release|x86.Build.0 = Release|Win32
		{FABCFBA7-6D24-453C-97FC-1F2B3578B079}.Debug|x64.ActiveCfg = Debug|x64
		{FABCFBA7-6D24-453C-97FC-1F2B3578B079}.Debug|x64.Build.0 = Debug|x64
		{FABCFBA7-6D24-453C-97FC-1F2B3578B079}.Debug|x86.ActiveCfg = Debug|Win32
		{FABCFBA7-6D24-453C-97FC-1F2B3578B079}.Debug|x86.Build.0 = Debug|Win32
		{FABCFBA7-6D24-453C-97FC-1F2B3578B079}.Release|x64.ActiveCfg = Release|x64
		{FABCFBA7-6D24-453C-97FC-1F2B3578B079}.Release|x64.Build.0 = Release|x64
		{FABCFBA7-6D24-453C-97FC-1F2B3578B079}.Release|x86.ActiveCfg = Release|Win32
		{FABCFBA7-6D24-453C-97FC-1F2B3578B079}.Release|x86.Build.0 = Release|Win32
		{5173E371-DE7D-4D4B-9BED-F2D15717D775}.Debug|x64.ActiveCfg = Debug|x64
		{5173E371-DE7D-4D4B-9BED-F2D15717D775}.Debug|x64.Build.0 = Debug|x64
		{5173E371-DE7D-4D4B-9BED-F2D15717D775}.Debug|x86.ActiveCfg = Debug|Win32
		{5173E371-DE7D-4D4B-9BED-F2D15717D775}.Debug|x86.Build.0 = Debug|Win32
		{5173E371-DE7D-4D4B-9BED-F2D15717D775}.Release|x64.ActiveCfg = Release|x64
		{5173E371-DE7D-4D4B-9BED-F2D15717D775}.Release|x64.Build.0 = Release|x64
		{5173E371-DE7D-4D4B-9BED-F2D15717D775}.Release|x86.ActiveCfg = Release|Win32
		{5173E371-DE7D-4D4B-9BED-F2D15717D775}.Release|x86.Build.0 = Release|Win32
		{0471ACEB-FC8B-4588-BDEA-84E63F0C5E19}.Debug|x64.ActiveCfg = Debug|x64
		{0471ACEB-FC8B-4588-BDEA-84E63F0C5E19}.Debug|x64.Build.0 = Debug|x64
		{0471ACEB-FC8B-4588-BDEA-84E63F0C5E19}.Debug|x86.ActiveCfg = Debug|Win32
		{0471ACEB-FC8B-4588-BDEA-84E63F0C5E19}.Debug|x86.Build.0 = Debug|Win32
		{0471ACEB-FC8B-4588-BDEA-84E63F0C5E19}.Release|x64.ActiveCfg = Release|x64
		{0471ACEB-FC8B-4588-BDEA-84E63F0C5E19}.Release|x64.Build.0 = Release|x64
		{0471ACEB-FC8B-4588-BDEA-84E63F0C5E19}.Release|x86.ActiveCfg = Release|Win32
		{0471ACEB-FC8B-4588-BDEA-84E63F0C5E19}.Release|x86.Build.0 = Release|Win32
		{C3FACF51-ED29-4CD3-A2E1-19B4408EB546}.Debug|x64.ActiveCfg = Debug|x64
		{C3FACF51-ED29-4CD3-A2E1-19B4408EB546}.Debug|x64.Build.0 = Debug|x64
		{C3FACF51-ED29-4CD3-A2E1-19B4408EB546}.Debug|x86.ActiveCfg = Debug|Win32
		{C3FACF51-ED29-4CD3-A2E1-19B4408EB546}.Debug|x86.Build.0 = Debug|Win32
		{C3FACF51-ED29-4CD3-A2E1-19B4408EB546}.Release|x64.ActiveCfg = Release|x64
		{C3FACF51-ED29-4CD3-A2E1-19B4408EB546}.Release|x64.Build.0 = Release|x64
		{C3FACF51-ED29-4CD3-A2E1-19B4408EB546}.Release|x86.ActiveCfg = Release|Win32
		{C3FACF51-ED29-4CD3-A2E1-19B4408EB546}.Release|x86.Build.0 = Release|Win32
		{5EF1922E-230A-4188-A5BD-29F0E5141E52}.Debug|x64.ActiveCfg = Debug|x64
		{5EF1922E-230A-4188-A5BD-29F0E5141E52}.Debug|x64.Build.0 = Debug|x64
		{5EF1922E-230A-4188-A5BD-29F0E5141E52}.Debug|x86.ActiveCfg = Debug|Win32
		{5EF1922E-230A-4188-A5BD-29F0E5141E52}.Debug|x86.Build.0 = Debug|Win32
		{5EF1922E-230A-4188-A5BD-29F0E5141E52}.Release|x64.ActiveCfg = Release|x64
		{5EF1922E-230A-4188-A5BD-29F0E5141E52}.Release|x64.Build.0 = Release|x64
		{5EF1922E-230A-4188-A5BD-29F0E5141E52}.Release|x86.ActiveCfg = Release|Win32
		{5EF1922E-230A-4188-A5BD-29F0E5141E52}.Release|x86.Build.0 = Release|Win32
		{D583D840-26DC-4C4C-A216-B35848491E9E}.Debug|x64.ActiveCfg = Debug|x64
		{D583D840-26DC-4C4C-A216-B35848491E9E}.Debug|x64.Build.0 = Debug|x64
		{D583D840-26DC-4C4C-A216-B35848491E9E}.Debug|x86.ActiveCfg = Debug|Win32
		{D583D840-26DC-4C4C-A216-B35848491E9E}.Debug|x86.Build.0 = Debug|Win32
		{D583D840-26DC-4C4C-A216-B35848491E9E}.Release|x64.ActiveCfg = Release|x64
		{D583D840-26DC-4C4C-A216-B35848491E9E}.Release|x64.Build.0 = Release|x64
		{D583D840-26DC-4C4C-A216-B35848491E9E}.Release|x86.ActiveCfg = Release|Win32
		{D583D840-26DC-4C4C-A216-B35848491E9E}.Release|x86.Build.0 = Release|Win32
	EndGlobalSection
	GlobalSection(SolutionProperties) = preSolution
		HideSolutionNode = FALSE
	EndGlobalSection
	GlobalSection(NestedProjects) = preSolution
		{C3FACF51-ED29-4CD3-A2E1-19B4408EB546} = {6A0B28C5-936B-4960-BE8A-202ED64F81AC}
		{5EF1922E-230A-4188-A5BD-29F0E5141E52} = {6A0B28C5-936B-4960-BE8A-202ED64F81AC}
		{D583D840-26DC-4C4C-A216-B35848491E9E} = {6A0B28C5-936B-4960-BE8A-202ED64F81AC}
	EndGlobalSection
EndGlobal
